
Microsoft Visual Studio Solution File, Format Version 12.00
# Visual Studio Version 17
VisualStudioVersion = 17.3.32922.545
MinimumVisualStudioVersion = 10.0.40219.1
Project("{FAE04EC0-301F-11D3-BF4B-00C04F79EFBC}") = "bearsociety", "bearsociety.csproj", "{99A776BB-C3F3-4601-9ED6-BAB67E04E779}"
EndProject
Global
	GlobalSection(SolutionConfigurationPlatforms) = preSolution
		Debug|Any CPU = Debug|Any CPU
		Release|Any CPU = Release|Any CPU
	EndGlobalSection
	GlobalSection(ProjectConfigurationPlatforms) = postSolution
		{99A776BB-C3F3-4601-9ED6-BAB67E04E779}.Debug|Any CPU.ActiveCfg = Debug|Any CPU
		{99A776BB-C3F3-4601-9ED6-BAB67E04E779}.Debug|Any CPU.Build.0 = Debug|Any CPU
		{99A776BB-C3F3-4601-9ED6-BAB67E04E779}.Release|Any CPU.ActiveCfg = Release|Any CPU
		{99A776BB-C3F3-4601-9ED6-BAB67E04E779}.Release|Any CPU.Build.0 = Release|Any CPU
	EndGlobalSection
	GlobalSection(SolutionProperties) = preSolution
		HideSolutionNode = FALSE
	EndGlobalSection
	GlobalSection(ExtensibilityGlobals) = postSolution
		SolutionGuid = {0B6207A2-05D3-4847-8849-D106C645AFB8}
	EndGlobalSection
EndGlobal
